
Microsoft Visual Studio Solution File, Format Version 11.00
# Visual C# Express 2010
Project("{FAE04EC0-301F-11D3-BF4B-00C04F79EFBC}") = "Extensions", "Extensions\Extensions.csproj", "{B404EDD4-6548-422C-B126-3438F148A35D}"
EndProject
Project("{FAE04EC0-301F-11D3-BF4B-00C04F79EFBC}") = "QuadroLib", "QuadroLib\QuadroLib.csproj", "{21D476DC-C80A-4148-BF14-CC0B4E855694}"
EndProject
Project("{FAE04EC0-301F-11D3-BF4B-00C04F79EFBC}") = "QuadTest", "QuadTest\QuadTest.csproj", "{468A6497-A950-4174-B64A-42266C053E03}"
EndProject
Global
	GlobalSection(SolutionConfigurationPlatforms) = preSolution
		Debug|Any CPU = Debug|Any CPU
		Debug|Mixed Platforms = Debug|Mixed Platforms
		Debug|x86 = Debug|x86
		Release|Any CPU = Release|Any CPU
		Release|Mixed Platforms = Release|Mixed Platforms
		Release|x86 = Release|x86
	EndGlobalSection
	GlobalSection(ProjectConfigurationPlatforms) = postSolution
		{B404EDD4-6548-422C-B126-3438F148A35D}.Debug|Any CPU.ActiveCfg = Debug|Any CPU
		{B404EDD4-6548-422C-B126-3438F148A35D}.Debug|Any CPU.Build.0 = Debug|Any CPU
		{B404EDD4-6548-422C-B126-3438F148A35D}.Debug|Mixed Platforms.ActiveCfg = Debug|Any CPU
		{B404EDD4-6548-422C-B126-3438F148A35D}.Debug|Mixed Platforms.Build.0 = Debug|Any CPU
		{B404EDD4-6548-422C-B126-3438F148A35D}.Debug|x86.ActiveCfg = Debug|Any CPU
		{B404EDD4-6548-422C-B126-3438F148A35D}.Release|Any CPU.ActiveCfg = Release|Any CPU
		{B404EDD4-6548-422C-B126-3438F148A35D}.Release|Any CPU.Build.0 = Release|Any CPU
		{B404EDD4-6548-422C-B126-3438F148A35D}.Release|Mixed Platforms.ActiveCfg = Release|Any CPU
		{B404EDD4-6548-422C-B126-3438F148A35D}.Release|Mixed Platforms.Build.0 = Release|Any CPU
		{B404EDD4-6548-422C-B126-3438F148A35D}.Release|x86.ActiveCfg = Release|Any CPU
		{21D476DC-C80A-4148-BF14-CC0B4E855694}.Debug|Any CPU.ActiveCfg = Debug|Any CPU
		{21D476DC-C80A-4148-BF14-CC0B4E855694}.Debug|Any CPU.Build.0 = Debug|Any CPU
		{21D476DC-C80A-4148-BF14-CC0B4E855694}.Debug|Mixed Platforms.ActiveCfg = Debug|Any CPU
		{21D476DC-C80A-4148-BF14-CC0B4E855694}.Debug|Mixed Platforms.Build.0 = Debug|Any CPU
		{21D476DC-C80A-4148-BF14-CC0B4E855694}.Debug|x86.ActiveCfg = Debug|Any CPU
		{21D476DC-C80A-4148-BF14-CC0B4E855694}.Release|Any CPU.ActiveCfg = Release|Any CPU
		{21D476DC-C80A-4148-BF14-CC0B4E855694}.Release|Any CPU.Build.0 = Release|Any CPU
		{21D476DC-C80A-4148-BF14-CC0B4E855694}.Release|Mixed Platforms.ActiveCfg = Release|Any CPU
		{21D476DC-C80A-4148-BF14-CC0B4E855694}.Release|Mixed Platforms.Build.0 = Release|Any CPU
		{21D476DC-C80A-4148-BF14-CC0B4E855694}.Release|x86.ActiveCfg = Release|Any CPU
		{468A6497-A950-4174-B64A-42266C053E03}.Debug|Any CPU.ActiveCfg = Debug|Any CPU
		{468A6497-A950-4174-B64A-42266C053E03}.Debug|Any CPU.Build.0 = Debug|Any CPU
		{468A6497-A950-4174-B64A-42266C053E03}.Debug|Any CPU.Deploy.0 = Debug|Any CPU
		{468A6497-A950-4174-B64A-42266C053E03}.Debug|Mixed Platforms.ActiveCfg = Debug|Any CPU
		{468A6497-A950-4174-B64A-42266C053E03}.Debug|Mixed Platforms.Build.0 = Debug|Any CPU
		{468A6497-A950-4174-B64A-42266C053E03}.Debug|Mixed Platforms.Deploy.0 = Debug|Any CPU
		{468A6497-A950-4174-B64A-42266C053E03}.Debug|x86.ActiveCfg = Debug|Any CPU
		{468A6497-A950-4174-B64A-42266C053E03}.Release|Any CPU.ActiveCfg = Release|Any CPU
		{468A6497-A950-4174-B64A-42266C053E03}.Release|Any CPU.Build.0 = Release|Any CPU
		{468A6497-A950-4174-B64A-42266C053E03}.Release|Any CPU.Deploy.0 = Release|Any CPU
		{468A6497-A950-4174-B64A-42266C053E03}.Release|Mixed Platforms.ActiveCfg = Release|Any CPU
		{468A6497-A950-4174-B64A-42266C053E03}.Release|Mixed Platforms.Build.0 = Release|Any CPU
		{468A6497-A950-4174-B64A-42266C053E03}.Release|Mixed Platforms.Deploy.0 = Release|Any CPU
		{468A6497-A950-4174-B64A-42266C053E03}.Release|x86.ActiveCfg = Release|Any CPU
	EndGlobalSection
	GlobalSection(SolutionProperties) = preSolution
		HideSolutionNode = FALSE
	EndGlobalSection
	GlobalSection(ExtensibilityGlobals) = postSolution
		VisualSVNWorkingCopyRoot = .
	EndGlobalSection
EndGlobal
